// !$*UTF8*$!
{
	archiveVersion = 1;
	classes = {
	};
	objectVersion = 50;
	objects = {

/* Begin PBXBuildFile section */
		F6D7A5BE2F934C34002C716C /* AppDelegate.swift in Sources */ = {isa = PBXBuildFile; fileRef = F6D7A5BD2F934C34002C716C /* AppDelegate.swift */; };
		F6D7A5C02F934C34002C716C /* SceneDelegate.swift in Sources */ = {isa = PBXBuildFile; fileRef = F6D7A5BF2F934C34002C716C /* SceneDelegate.swift */; };
		F6D7A5C22F934C34002C716C /* ViewController.swift in Sources */ = {isa = PBXBuildFile; fileRef = F6D7A5C12F934C34002C716C /* ViewController.swift */; };
		F6D7A5C52F934C34002C716C /* Main.storyboard in Resources */ = {isa = PBXBuildFile; fileRef = F6D7A5C32F934C34002C716C /* Main.storyboard */; };
		F6D7A5C72F934C36002C716C /* Assets.xcassets in Resources */ = {isa = PBXBuildFile; fileRef = F6D7A5C62F934C36002C716C /* Assets.xcassets */; };
		F6D7A5CA2F934C36002C716C /* LaunchScreen.storyboard in Resources */ = {isa = PBXBuildFile; fileRef = F6D7A5C82F934C36002C716C /* LaunchScreen.storyboard */; };
		F6D7A5D52F934C36002C716C /* filmManngerDemoTests.swift in Sources */ = {isa = PBXBuildFile; fileRef = F6D7A5D42F934C36002C716C /* filmManngerDemoTests.swift */; };
		F6D7A5E02F934C36002C716C /* filmManngerDemoUITests.swift in Sources */ = {isa = PBXBuildFile; fileRef = F6D7A5DF2F934C36002C716C /* filmManngerDemoUITests.swift */; };
		F6D7A5F42F935492002C716C /* SketchButton.tsx in Resources */ = {isa = PBXBuildFile; fileRef = F6D7A5F02F935491002C716C /* SketchButton.tsx */; };
		F6D7A5F52F935492002C716C /* Canister.tsx in Resources */ = {isa = PBXBuildFile; fileRef = F6D7A5F12F935491002C716C /* Canister.tsx */; };
		F6D7A5F62F935492002C716C /* AppLogo.tsx in Resources */ = {isa = PBXBuildFile; fileRef = F6D7A5F22F935491002C716C /* AppLogo.tsx */; };
		F6D7A5F72F935492002C716C /* HomeView.tsx in Resources */ = {isa = PBXBuildFile; fileRef = F6D7A5F32F935492002C716C /* HomeView.tsx */; };
		F6DA72D32F935E440035EEF7 /* Roll.swift in Sources */ = {isa = PBXBuildFile; fileRef = F6DA72CB2F935E440035EEF7 /* Roll.swift */; };
		F6DA72D42F935E440035EEF7 /* SketchButton.swift in Sources */ = {isa = PBXBuildFile; fileRef = F6DA72D12F935E440035EEF7 /* SketchButton.swift */; };
		F6DA72D52F935E440035EEF7 /* AppLogoView.swift in Sources */ = {isa = PBXBuildFile; fileRef = F6DA72CF2F935E440035EEF7 /* AppLogoView.swift */; };
		F6DA72D62F935E440035EEF7 /* CanisterView.swift in Sources */ = {isa = PBXBuildFile; fileRef = F6DA72D02F935E440035EEF7 /* CanisterView.swift */; };
		F6DA72D72F935E440035EEF7 /* HomeViewController.swift in Sources */ = {isa = PBXBuildFile; fileRef = F6DA72CD2F935E440035EEF7 /* HomeViewController.swift */; };
		F6DA72D92F935ECE0035EEF7 /* Theme.swift in Sources */ = {isa = PBXBuildFile; fileRef = F6DA72D82F935ECE0035EEF7 /* Theme.swift */; };
		F6DA72DB2F939B950035EEF7 /* Photo.swift in Sources */ = {isa = PBXBuildFile; fileRef = F6DA72DA2F939B950035EEF7 /* Photo.swift */; };
		F6DA72DE2F939BAE0035EEF7 /* RollDetailHeaderView.swift in Sources */ = {isa = PBXBuildFile; fileRef = F6DA72DD2F939BAE0035EEF7 /* RollDetailHeaderView.swift */; };
		F6DA72DF2F939BAE0035EEF7 /* PhotoCell.swift in Sources */ = {isa = PBXBuildFile; fileRef = F6DA72DC2F939BAE0035EEF7 /* PhotoCell.swift */; };
		F6DA72E12F939BD60035EEF7 /* RollDetailViewController.swift in Sources */ = {isa = PBXBuildFile; fileRef = F6DA72E02F939BD60035EEF7 /* RollDetailViewController.swift */; };
		F6DA73132F939DF10035EEF7 /* BundleImageLoader.swift in Sources */ = {isa = PBXBuildFile; fileRef = F6DA73122F939DF10035EEF7 /* BundleImageLoader.swift */; };
		F6DA732C2F939E4E0035EEF7 /* 2204_76_00002967_奥林巴斯练手卷_24.jpg in Resources */ = {isa = PBXBuildFile; fileRef = F6DA732B2F939E4E0035EEF7 /* 2204_76_00002967_奥林巴斯练手卷_24.jpg */; };
		F6DA732D2F939E4E0035EEF7 /* 2204_76_00002967_奥林巴斯练手卷_7.jpg in Resources */ = {isa = PBXBuildFile; fileRef = F6DA731A2F939E4E0035EEF7 /* 2204_76_00002967_奥林巴斯练手卷_7.jpg */; };
		F6DA732E2F939E4E0035EEF7 /* 2204_76_00002967_奥林巴斯练手卷_20.jpg in Resources */ = {isa = PBXBuildFile; fileRef = F6DA73272F939E4E0035EEF7 /* 2204_76_00002967_奥林巴斯练手卷_20.jpg */; };
		F6DA732F2F939E4E0035EEF7 /* 2204_76_00002967_奥林巴斯练手卷_21.jpg in Resources */ = {isa = PBXBuildFile; fileRef = F6DA73282F939E4E0035EEF7 /* 2204_76_00002967_奥林巴斯练手卷_21.jpg */; };
		F6DA73302F939E4E0035EEF7 /* 2204_76_00002967_奥林巴斯练手卷_9.jpg in Resources */ = {isa = PBXBuildFile; fileRef = F6DA731C2F939E4E0035EEF7 /* 2204_76_00002967_奥林巴斯练手卷_9.jpg */; };
		F6DA73312F939E4E0035EEF7 /* 2204_76_00002967_奥林巴斯练手卷_19.jpg in Resources */ = {isa = PBXBuildFile; fileRef = F6DA73262F939E4E0035EEF7 /* 2204_76_00002967_奥林巴斯练手卷_19.jpg */; };
		F6DA73322F939E4E0035EEF7 /* 2204_76_00002967_奥林巴斯练手卷_23.jpg in Resources */ = {isa = PBXBuildFile; fileRef = F6DA732A2F939E4E0035EEF7 /* 2204_76_00002967_奥林巴斯练手卷_23.jpg */; };
		F6DA73332F939E4E0035EEF7 /* 2204_76_00002967_奥林巴斯练手卷_17.jpg in Resources */ = {isa = PBXBuildFile; fileRef = F6DA73242F939E4E0035EEF7 /* 2204_76_00002967_奥林巴斯练手卷_17.jpg */; };
		F6DA73342F939E4E0035EEF7 /* 2204_76_00002967_奥林巴斯练手卷_2.jpg in Resources */ = {isa = PBXBuildFile; fileRef = F6DA73152F939E4E0035EEF7 /* 2204_76_00002967_奥林巴斯练手卷_2.jpg */; };
		F6DA73352F939E4E0035EEF7 /* 2204_76_00002967_奥林巴斯练手卷_5.jpg in Resources */ = {isa = PBXBuildFile; fileRef = F6DA73182F939E4E0035EEF7 /* 2204_76_00002967_奥林巴斯练手卷_5.jpg */; };
		F6DA73362F939E4E0035EEF7 /* 2204_76_00002967_奥林巴斯练手卷_6.jpg in Resources */ = {isa = PBXBuildFile; fileRef = F6DA73192F939E4E0035EEF7 /* 2204_76_00002967_奥林巴斯练手卷_6.jpg */; };
		F6DA73372F939E4E0035EEF7 /* 2204_76_00002967_奥林巴斯练手卷_8.jpg in Resources */ = {isa = PBXBuildFile; fileRef = F6DA731B2F939E4E0035EEF7 /* 2204_76_00002967_奥林巴斯练手卷_8.jpg */; };
		F6DA73382F939E4E0035EEF7 /* 2204_76_00002967_奥林巴斯练手卷_3.jpg in Resources */ = {isa = PBXBuildFile; fileRef = F6DA73162F939E4E0035EEF7 /* 2204_76_00002967_奥林巴斯练手卷_3.jpg */; };
		F6DA73392F939E4E0035EEF7 /* 2204_76_00002967_奥林巴斯练手卷_1.jpg in Resources */ = {isa = PBXBuildFile; fileRef = F6DA73142F939E4E0035EEF7 /* 2204_76_00002967_奥林巴斯练手卷_1.jpg */; };
		F6DA733A2F939E4E0035EEF7 /* 2204_76_00002967_奥林巴斯练手卷_12.jpg in Resources */ = {isa = PBXBuildFile; fileRef = F6DA731F2F939E4E0035EEF7 /* 2204_76_00002967_奥林巴斯练手卷_12.jpg */; };
		F6DA733B2F939E4E0035EEF7 /* 2204_76_00002967_奥林巴斯练手卷_13.jpg in Resources */ = {isa = PBXBuildFile; fileRef = F6DA73202F939E4E0035EEF7 /* 2204_76_00002967_奥林巴斯练手卷_13.jpg */; };
		F6DA733C2F939E4E0035EEF7 /* 2204_76_00002967_奥林巴斯练手卷_11.jpg in Resources */ = {isa = PBXBuildFile; fileRef = F6DA731E2F939E4E0035EEF7 /* 2204_76_00002967_奥林巴斯练手卷_11.jpg */; };
		F6DA733D2F939E4E0035EEF7 /* 2204_76_00002967_奥林巴斯练手卷_16.jpg in Resources */ = {isa = PBXBuildFile; fileRef = F6DA73232F939E4E0035EEF7 /* 2204_76_00002967_奥林巴斯练手卷_16.jpg */; };
		F6DA733E2F939E4E0035EEF7 /* 2204_76_00002967_奥林巴斯练手卷_10.jpg in Resources */ = {isa = PBXBuildFile; fileRef = F6DA731D2F939E4E0035EEF7 /* 2204_76_00002967_奥林巴斯练手卷_10.jpg */; };
		F6DA733F2F939E4E0035EEF7 /* 2204_76_00002967_奥林巴斯练手卷_15.jpg in Resources */ = {isa = PBXBuildFile; fileRef = F6DA73222F939E4E0035EEF7 /* 2204_76_00002967_奥林巴斯练手卷_15.jpg */; };
		F6DA73402F939E4E0035EEF7 /* 2204_76_00002967_奥林巴斯练手卷_14.jpg in Resources */ = {isa = PBXBuildFile; fileRef = F6DA73212F939E4E0035EEF7 /* 2204_76_00002967_奥林巴斯练手卷_14.jpg */; };
		F6DA73412F939E4E0035EEF7 /* 2204_76_00002967_奥林巴斯练手卷_18.jpg in Resources */ = {isa = PBXBuildFile; fileRef = F6DA73252F939E4E0035EEF7 /* 2204_76_00002967_奥林巴斯练手卷_18.jpg */; };
		F6DA73422F939E4E0035EEF7 /* 2204_76_00002967_奥林巴斯练手卷_4.jpg in Resources */ = {isa = PBXBuildFile; fileRef = F6DA73172F939E4E0035EEF7 /* 2204_76_00002967_奥林巴斯练手卷_4.jpg */; };
		F6DA73432F939E4E0035EEF7 /* 2204_76_00002967_奥林巴斯练手卷_22.jpg in Resources */ = {isa = PBXBuildFile; fileRef = F6DA73292F939E4E0035EEF7 /* 2204_76_00002967_奥林巴斯练手卷_22.jpg */; };
		F6DA73452F93A4260035EEF7 /* ContactSheetViewController.swift in Sources */ = {isa = PBXBuildFile; fileRef = F6DA73442F93A4260035EEF7 /* ContactSheetViewController.swift */; };
		F6DA73482F93A44B0035EEF7 /* DrawingOverlayView.swift in Sources */ = {isa = PBXBuildFile; fileRef = F6DA73462F93A44B0035EEF7 /* DrawingOverlayView.swift */; };
		F6DA73492F93A44B0035EEF7 /* FilmStrip135View.swift in Sources */ = {isa = PBXBuildFile; fileRef = F6DA73472F93A44B0035EEF7 /* FilmStrip135View.swift */; };
/* End PBXBuildFile section */

/* Begin PBXContainerItemProxy section */
		F6D7A5D12F934C36002C716C /* PBXContainerItemProxy */ = {
			isa = PBXContainerItemProxy;
			containerPortal = F6D7A5B22F934C34002C716C /* Project object */;
			proxyType = 1;
			remoteGlobalIDString = F6D7A5B92F934C34002C716C;
			remoteInfo = filmManngerDemo;
		};
		F6D7A5DC2F934C36002C716C /* PBXContainerItemProxy */ = {
			isa = PBXContainerItemProxy;
			containerPortal = F6D7A5B22F934C34002C716C /* Project object */;
			proxyType = 1;
			remoteGlobalIDString = F6D7A5B92F934C34002C716C;
			remoteInfo = filmManngerDemo;
		};
/* End PBXContainerItemProxy section */

/* Begin PBXFileReference section */
		F6D7A5BA2F934C34002C716C /* filmManngerDemo.app */ = {isa = PBXFileReference; explicitFileType = wrapper.application; includeInIndex = 0; path = filmManngerDemo.app; sourceTree = BUILT_PRODUCTS_DIR; };
		F6D7A5BD2F934C34002C716C /* AppDelegate.swift */ = {isa = PBXFileReference; lastKnownFileType = sourcecode.swift; path = AppDelegate.swift; sourceTree = "<group>"; };
		F6D7A5BF2F934C34002C716C /* SceneDelegate.swift */ = {isa = PBXFileReference; lastKnownFileType = sourcecode.swift; path = SceneDelegate.swift; sourceTree = "<group>"; };
		F6D7A5C12F934C34002C716C /* ViewController.swift */ = {isa = PBXFileReference; lastKnownFileType = sourcecode.swift; path = ViewController.swift; sourceTree = "<group>"; };
		F6D7A5C42F934C34002C716C /* Base */ = {isa = PBXFileReference; lastKnownFileType = file.storyboard; name = Base; path = Base.lproj/Main.storyboard; sourceTree = "<group>"; };
		F6D7A5C62F934C36002C716C /* Assets.xcassets */ = {isa = PBXFileReference; lastKnownFileType = folder.assetcatalog; path = Assets.xcassets; sourceTree = "<group>"; };
		F6D7A5C92F934C36002C716C /* Base */ = {isa = PBXFileReference; lastKnownFileType = file.storyboard; name = Base; path = Base.lproj/LaunchScreen.storyboard; sourceTree = "<group>"; };
		F6D7A5CB2F934C36002C716C /* Info.plist */ = {isa = PBXFileReference; lastKnownFileType = text.plist.xml; path = Info.plist; sourceTree = "<group>"; };
		F6D7A5D02F934C36002C716C /* filmManngerDemoTests.xctest */ = {isa = PBXFileReference; explicitFileType = wrapper.cfbundle; includeInIndex = 0; path = filmManngerDemoTests.xctest; sourceTree = BUILT_PRODUCTS_DIR; };
		F6D7A5D42F934C36002C716C /* filmManngerDemoTests.swift */ = {isa = PBXFileReference; lastKnownFileType = sourcecode.swift; path = filmManngerDemoTests.swift; sourceTree = "<group>"; };
		F6D7A5D62F934C36002C716C /* Info.plist */ = {isa = PBXFileReference; lastKnownFileType = text.plist.xml; path = Info.plist; sourceTree = "<group>"; };
		F6D7A5DB2F934C36002C716C /* filmManngerDemoUITests.xctest */ = {isa = PBXFileReference; explicitFileType = wrapper.cfbundle; includeInIndex = 0; path = filmManngerDemoUITests.xctest; sourceTree = BUILT_PRODUCTS_DIR; };
		F6D7A5DF2F934C36002C716C /* filmManngerDemoUITests.swift */ = {isa = PBXFileReference; lastKnownFileType = sourcecode.swift; path = filmManngerDemoUITests.swift; sourceTree = "<group>"; };
		F6D7A5E12F934C36002C716C /* Info.plist */ = {isa = PBXFileReference; lastKnownFileType = text.plist.xml; path = Info.plist; sourceTree = "<group>"; };
		F6D7A5F02F935491002C716C /* SketchButton.tsx */ = {isa = PBXFileReference; fileEncoding = 4; lastKnownFileType = text; path = SketchButton.tsx; sourceTree = "<group>"; };
		F6D7A5F12F935491002C716C /* Canister.tsx */ = {isa = PBXFileReference; fileEncoding = 4; lastKnownFileType = text; path = Canister.tsx; sourceTree = "<group>"; };
		F6D7A5F22F935491002C716C /* AppLogo.tsx */ = {isa = PBXFileReference; fileEncoding = 4; lastKnownFileType = text; path = AppLogo.tsx; sourceTree = "<group>"; };
		F6D7A5F32F935492002C716C /* HomeView.tsx */ = {isa = PBXFileReference; fileEncoding = 4; lastKnownFileType = text; path = HomeView.tsx; sourceTree = "<group>"; };
		F6DA72CB2F935E440035EEF7 /* Roll.swift */ = {isa = PBXFileReference; lastKnownFileType = sourcecode.swift; path = Roll.swift; sourceTree = "<group>"; };
		F6DA72CD2F935E440035EEF7 /* HomeViewController.swift */ = {isa = PBXFileReference; lastKnownFileType = sourcecode.swift; path = HomeViewController.swift; sourceTree = "<group>"; };
		F6DA72CF2F935E440035EEF7 /* AppLogoView.swift */ = {isa = PBXFileReference; lastKnownFileType = sourcecode.swift; path = AppLogoView.swift; sourceTree = "<group>"; };
		F6DA72D02F935E440035EEF7 /* CanisterView.swift */ = {isa = PBXFileReference; lastKnownFileType = sourcecode.swift; path = CanisterView.swift; sourceTree = "<group>"; };
		F6DA72D12F935E440035EEF7 /* SketchButton.swift */ = {isa = PBXFileReference; lastKnownFileType = sourcecode.swift; path = SketchButton.swift; sourceTree = "<group>"; };
		F6DA72D82F935ECE0035EEF7 /* Theme.swift */ = {isa = PBXFileReference; lastKnownFileType = sourcecode.swift; path = Theme.swift; sourceTree = "<group>"; };
		F6DA72DA2F939B950035EEF7 /* Photo.swift */ = {isa = PBXFileReference; lastKnownFileType = sourcecode.swift; path = Photo.swift; sourceTree = "<group>"; };
		F6DA72DC2F939BAE0035EEF7 /* PhotoCell.swift */ = {isa = PBXFileReference; lastKnownFileType = sourcecode.swift; path = PhotoCell.swift; sourceTree = "<group>"; };
		F6DA72DD2F939BAE0035EEF7 /* RollDetailHeaderView.swift */ = {isa = PBXFileReference; lastKnownFileType = sourcecode.swift; path = RollDetailHeaderView.swift; sourceTree = "<group>"; };
		F6DA72E02F939BD60035EEF7 /* RollDetailViewController.swift */ = {isa = PBXFileReference; lastKnownFileType = sourcecode.swift; path = RollDetailViewController.swift; sourceTree = "<group>"; };
		F6DA73122F939DF10035EEF7 /* BundleImageLoader.swift */ = {isa = PBXFileReference; lastKnownFileType = sourcecode.swift; path = BundleImageLoader.swift; sourceTree = "<group>"; };
		F6DA73142F939E4E0035EEF7 /* 2204_76_00002967_奥林巴斯练手卷_1.jpg */ = {isa = PBXFileReference; lastKnownFileType = image.jpeg; path = "2204_76_00002967_奥林巴斯练手卷_1.jpg"; sourceTree = "<group>"; };
		F6DA73152F939E4E0035EEF7 /* 2204_76_00002967_奥林巴斯练手卷_2.jpg */ = {isa = PBXFileReference; lastKnownFileType = image.jpeg; path = "2204_76_00002967_奥林巴斯练手卷_2.jpg"; sourceTree = "<group>"; };
		F6DA73162F939E4E0035EEF7 /* 2204_76_00002967_奥林巴斯练手卷_3.jpg */ = {isa = PBXFileReference; lastKnownFileType = image.jpeg; path = "2204_76_00002967_奥林巴斯练手卷_3.jpg"; sourceTree = "<group>"; };
		F6DA73172F939E4E0035EEF7 /* 2204_76_00002967_奥林巴斯练手卷_4.jpg */ = {isa = PBXFileReference; lastKnownFileType = image.jpeg; path = "2204_76_00002967_奥林巴斯练手卷_4.jpg"; sourceTree = "<group>"; };
		F6DA73182F939E4E0035EEF7 /* 2204_76_00002967_奥林巴斯练手卷_5.jpg */ = {isa = PBXFileReference; lastKnownFileType = image.jpeg; path = "2204_76_00002967_奥林巴斯练手卷_5.jpg"; sourceTree = "<group>"; };
		F6DA73192F939E4E0035EEF7 /* 2204_76_00002967_奥林巴斯练手卷_6.jpg */ = {isa = PBXFileReference; lastKnownFileType = image.jpeg; path = "2204_76_00002967_奥林巴斯练手卷_6.jpg"; sourceTree = "<group>"; };
		F6DA731A2F939E4E0035EEF7 /* 2204_76_00002967_奥林巴斯练手卷_7.jpg */ = {isa = PBXFileReference; lastKnownFileType = image.jpeg; path = "2204_76_00002967_奥林巴斯练手卷_7.jpg"; sourceTree = "<group>"; };
		F6DA731B2F939E4E0035EEF7 /* 2204_76_00002967_奥林巴斯练手卷_8.jpg */ = {isa = PBXFileReference; lastKnownFileType = image.jpeg; path = "2204_76_00002967_奥林巴斯练手卷_8.jpg"; sourceTree = "<group>"; };
		F6DA731C2F939E4E0035EEF7 /* 2204_76_00002967_奥林巴斯练手卷_9.jpg */ = {isa = PBXFileReference; lastKnownFileType = image.jpeg; path = "2204_76_00002967_奥林巴斯练手卷_9.jpg"; sourceTree = "<group>"; };
		F6DA731D2F939E4E0035EEF7 /* 2204_76_00002967_奥林巴斯练手卷_10.jpg */ = {isa = PBXFileReference; lastKnownFileType = image.jpeg; path = "2204_76_00002967_奥林巴斯练手卷_10.jpg"; sourceTree = "<group>"; };
		F6DA731E2F939E4E0035EEF7 /* 2204_76_00002967_奥林巴斯练手卷_11.jpg */ = {isa = PBXFileReference; lastKnownFileType = image.jpeg; path = "2204_76_00002967_奥林巴斯练手卷_11.jpg"; sourceTree = "<group>"; };
		F6DA731F2F939E4E0035EEF7 /* 2204_76_00002967_奥林巴斯练手卷_12.jpg */ = {isa = PBXFileReference; lastKnownFileType = image.jpeg; path = "2204_76_00002967_奥林巴斯练手卷_12.jpg"; sourceTree = "<group>"; };
		F6DA73202F939E4E0035EEF7 /* 2204_76_00002967_奥林巴斯练手卷_13.jpg */ = {isa = PBXFileReference; lastKnownFileType = image.jpeg; path = "2204_76_00002967_奥林巴斯练手卷_13.jpg"; sourceTree = "<group>"; };
		F6DA73212F939E4E0035EEF7 /* 2204_76_00002967_奥林巴斯练手卷_14.jpg */ = {isa = PBXFileReference; lastKnownFileType = image.jpeg; path = "2204_76_00002967_奥林巴斯练手卷_14.jpg"; sourceTree = "<group>"; };
		F6DA73222F939E4E0035EEF7 /* 2204_76_00002967_奥林巴斯练手卷_15.jpg */ = {isa = PBXFileReference; lastKnownFileType = image.jpeg; path = "2204_76_00002967_奥林巴斯练手卷_15.jpg"; sourceTree = "<group>"; };
		F6DA73232F939E4E0035EEF7 /* 2204_76_00002967_奥林巴斯练手卷_16.jpg */ = {isa = PBXFileReference; lastKnownFileType = image.jpeg; path = "2204_76_00002967_奥林巴斯练手卷_16.jpg"; sourceTree = "<group>"; };
		F6DA73242F939E4E0035EEF7 /* 2204_76_00002967_奥林巴斯练手卷_17.jpg */ = {isa = PBXFileReference; lastKnownFileType = image.jpeg; path = "2204_76_00002967_奥林巴斯练手卷_17.jpg"; sourceTree = "<group>"; };
		F6DA73252F939E4E0035EEF7 /* 2204_76_00002967_奥林巴斯练手卷_18.jpg */ = {isa = PBXFileReference; lastKnownFileType = image.jpeg; path = "2204_76_00002967_奥林巴斯练手卷_18.jpg"; sourceTree = "<group>"; };
		F6DA73262F939E4E0035EEF7 /* 2204_76_00002967_奥林巴斯练手卷_19.jpg */ = {isa = PBXFileReference; lastKnownFileType = image.jpeg; path = "2204_76_00002967_奥林巴斯练手卷_19.jpg"; sourceTree = "<group>"; };
		F6DA73272F939E4E0035EEF7 /* 2204_76_00002967_奥林巴斯练手卷_20.jpg */ = {isa = PBXFileReference; lastKnownFileType = image.jpeg; path = "2204_76_00002967_奥林巴斯练手卷_20.jpg"; sourceTree = "<group>"; };
		F6DA73282F939E4E0035EEF7 /* 2204_76_00002967_奥林巴斯练手卷_21.jpg */ = {isa = PBXFileReference; lastKnownFileType = image.jpeg; path = "2204_76_00002967_奥林巴斯练手卷_21.jpg"; sourceTree = "<group>"; };
		F6DA73292F939E4E0035EEF7 /* 2204_76_00002967_奥林巴斯练手卷_22.jpg */ = {isa = PBXFileReference; lastKnownFileType = image.jpeg; path = "2204_76_00002967_奥林巴斯练手卷_22.jpg"; sourceTree = "<group>"; };
		F6DA732A2F939E4E0035EEF7 /* 2204_76_00002967_奥林巴斯练手卷_23.jpg */ = {isa = PBXFileReference; lastKnownFileType = image.jpeg; path = "2204_76_00002967_奥林巴斯练手卷_23.jpg"; sourceTree = "<group>"; };
		F6DA732B2F939E4E0035EEF7 /* 2204_76_00002967_奥林巴斯练手卷_24.jpg */ = {isa = PBXFileReference; lastKnownFileType = image.jpeg; path = "2204_76_00002967_奥林巴斯练手卷_24.jpg"; sourceTree = "<group>"; };
		F6DA73442F93A4260035EEF7 /* ContactSheetViewController.swift */ = {isa = PBXFileReference; lastKnownFileType = sourcecode.swift; path = ContactSheetViewController.swift; sourceTree = "<group>"; };
		F6DA73462F93A44B0035EEF7 /* DrawingOverlayView.swift */ = {isa = PBXFileReference; lastKnownFileType = sourcecode.swift; path = DrawingOverlayView.swift; sourceTree = "<group>"; };
		F6DA73472F93A44B0035EEF7 /* FilmStrip135View.swift */ = {isa = PBXFileReference; lastKnownFileType = sourcecode.swift; path = FilmStrip135View.swift; sourceTree = "<group>"; };
/* End PBXFileReference section */

/* Begin PBXFrameworksBuildPhase section */
		F6D7A5B72F934C34002C716C /* Frameworks */ = {
			isa = PBXFrameworksBuildPhase;
			buildActionMask = 2147483647;
			files = (
			);
			runOnlyForDeploymentPostprocessing = 0;
		};
		F6D7A5CD2F934C36002C716C /* Frameworks */ = {
			isa = PBXFrameworksBuildPhase;
			buildActionMask = 2147483647;
			files = (
			);
			runOnlyForDeploymentPostprocessing = 0;
		};
		F6D7A5D82F934C36002C716C /* Frameworks */ = {
			isa = PBXFrameworksBuildPhase;
			buildActionMask = 2147483647;
			files = (
			);
			runOnlyForDeploymentPostprocessing = 0;
		};
/* End PBXFrameworksBuildPhase section */

/* Begin PBXGroup section */
		F6D7A5B12F934C34002C716C = {
			isa = PBXGroup;
			children = (
				F6D7A5BC2F934C34002C716C /* filmManngerDemo */,
				F6D7A5D32F934C36002C716C /* filmManngerDemoTests */,
				F6D7A5DE2F934C36002C716C /* filmManngerDemoUITests */,
				F6D7A5BB2F934C34002C716C /* Products */,
			);
			sourceTree = "<group>";
		};
		F6D7A5BB2F934C34002C716C /* Products */ = {
			isa = PBXGroup;
			children = (
				F6D7A5BA2F934C34002C716C /* filmManngerDemo.app */,
				F6D7A5D02F934C36002C716C /* filmManngerDemoTests.xctest */,
				F6D7A5DB2F934C36002C716C /* filmManngerDemoUITests.xctest */,
			);
			name = Products;
			sourceTree = "<group>";
		};
		F6D7A5BC2F934C34002C716C /* filmManngerDemo */ = {
			isa = PBXGroup;
			children = (
				F6D7A5BD2F934C34002C716C /* AppDelegate.swift */,
				F6D7A5BF2F934C34002C716C /* SceneDelegate.swift */,
				F6D7A5C12F934C34002C716C /* ViewController.swift */,
				F6DA72D82F935ECE0035EEF7 /* Theme.swift */,
				F6DA72CC2F935E440035EEF7 /* Models */,
				F6DA72CE2F935E440035EEF7 /* ViewControllers */,
				F6DA72D22F935E440035EEF7 /* Views */,
				F6D7A5F22F935491002C716C /* AppLogo.tsx */,
				F6D7A5F12F935491002C716C /* Canister.tsx */,
				F6D7A5F32F935492002C716C /* HomeView.tsx */,
				F6D7A5F02F935491002C716C /* SketchButton.tsx */,
				F6D7A5C32F934C34002C716C /* Main.storyboard */,
				F6D7A5C62F934C36002C716C /* Assets.xcassets */,
				F6D7A5C82F934C36002C716C /* LaunchScreen.storyboard */,
				F6D7A5CB2F934C36002C716C /* Info.plist */,
			);
			path = filmManngerDemo;
			sourceTree = "<group>";
		};
		F6D7A5D32F934C36002C716C /* filmManngerDemoTests */ = {
			isa = PBXGroup;
			children = (
				F6D7A5D42F934C36002C716C /* filmManngerDemoTests.swift */,
				F6D7A5D62F934C36002C716C /* Info.plist */,
			);
			path = filmManngerDemoTests;
			sourceTree = "<group>";
		};
		F6D7A5DE2F934C36002C716C /* filmManngerDemoUITests */ = {
			isa = PBXGroup;
			children = (
				F6D7A5DF2F934C36002C716C /* filmManngerDemoUITests.swift */,
				F6D7A5E12F934C36002C716C /* Info.plist */,
			);
			path = filmManngerDemoUITests;
			sourceTree = "<group>";
		};
		F6DA72CC2F935E440035EEF7 /* Models */ = {
			isa = PBXGroup;
			children = (
				F6DA73122F939DF10035EEF7 /* BundleImageLoader.swift */,
				F6DA72DA2F939B950035EEF7 /* Photo.swift */,
				F6DA72CB2F935E440035EEF7 /* Roll.swift */,
				F6DA73142F939E4E0035EEF7 /* 2204_76_00002967_奥林巴斯练手卷_1.jpg */,
				F6DA73152F939E4E0035EEF7 /* 2204_76_00002967_奥林巴斯练手卷_2.jpg */,
				F6DA73162F939E4E0035EEF7 /* 2204_76_00002967_奥林巴斯练手卷_3.jpg */,
				F6DA73172F939E4E0035EEF7 /* 2204_76_00002967_奥林巴斯练手卷_4.jpg */,
				F6DA73182F939E4E0035EEF7 /* 2204_76_00002967_奥林巴斯练手卷_5.jpg */,
				F6DA73192F939E4E0035EEF7 /* 2204_76_00002967_奥林巴斯练手卷_6.jpg */,
				F6DA731A2F939E4E0035EEF7 /* 2204_76_00002967_奥林巴斯练手卷_7.jpg */,
				F6DA731B2F939E4E0035EEF7 /* 2204_76_00002967_奥林巴斯练手卷_8.jpg */,
				F6DA731C2F939E4E0035EEF7 /* 2204_76_00002967_奥林巴斯练手卷_9.jpg */,
				F6DA731D2F939E4E0035EEF7 /* 2204_76_00002967_奥林巴斯练手卷_10.jpg */,
				F6DA731E2F939E4E0035EEF7 /* 2204_76_00002967_奥林巴斯练手卷_11.jpg */,
				F6DA731F2F939E4E0035EEF7 /* 2204_76_00002967_奥林巴斯练手卷_12.jpg */,
				F6DA73202F939E4E0035EEF7 /* 2204_76_00002967_奥林巴斯练手卷_13.jpg */,
				F6DA73212F939E4E0035EEF7 /* 2204_76_00002967_奥林巴斯练手卷_14.jpg */,
				F6DA73222F939E4E0035EEF7 /* 2204_76_00002967_奥林巴斯练手卷_15.jpg */,
				F6DA73232F939E4E0035EEF7 /* 2204_76_00002967_奥林巴斯练手卷_16.jpg */,
				F6DA73242F939E4E0035EEF7 /* 2204_76_00002967_奥林巴斯练手卷_17.jpg */,
				F6DA73252F939E4E0035EEF7 /* 2204_76_00002967_奥林巴斯练手卷_18.jpg */,
				F6DA73262F939E4E0035EEF7 /* 2204_76_00002967_奥林巴斯练手卷_19.jpg */,
				F6DA73272F939E4E0035EEF7 /* 2204_76_00002967_奥林巴斯练手卷_20.jpg */,
				F6DA73282F939E4E0035EEF7 /* 2204_76_00002967_奥林巴斯练手卷_21.jpg */,
				F6DA73292F939E4E0035EEF7 /* 2204_76_00002967_奥林巴斯练手卷_22.jpg */,
				F6DA732A2F939E4E0035EEF7 /* 2204_76_00002967_奥林巴斯练手卷_23.jpg */,
				F6DA732B2F939E4E0035EEF7 /* 2204_76_00002967_奥林巴斯练手卷_24.jpg */,
			);
			path = Models;
			sourceTree = "<group>";
		};
		F6DA72CE2F935E440035EEF7 /* ViewControllers */ = {
			isa = PBXGroup;
			children = (
				F6DA72CD2F935E440035EEF7 /* HomeViewController.swift */,
				F6DA72E02F939BD60035EEF7 /* RollDetailViewController.swift */,
				F6DA73442F93A4260035EEF7 /* ContactSheetViewController.swift */,
				F6DA73462F93A44B0035EEF7 /* DrawingOverlayView.swift */,
				F6DA73472F93A44B0035EEF7 /* FilmStrip135View.swift */,
			);
			path = ViewControllers;
			sourceTree = "<group>";
		};
		F6DA72D22F935E440035EEF7 /* Views */ = {
			isa = PBXGroup;
			children = (
				F6DA72DC2F939BAE0035EEF7 /* PhotoCell.swift */,
				F6DA72DD2F939BAE0035EEF7 /* RollDetailHeaderView.swift */,
				F6DA72CF2F935E440035EEF7 /* AppLogoView.swift */,
				F6DA72D02F935E440035EEF7 /* CanisterView.swift */,
				F6DA72D12F935E440035EEF7 /* SketchButton.swift */,
			);
			path = Views;
			sourceTree = "<group>";
		};
/* End PBXGroup section */

/* Begin PBXNativeTarget section */
		F6D7A5B92F934C34002C716C /* filmManngerDemo */ = {
			isa = PBXNativeTarget;
			buildConfigurationList = F6D7A5E42F934C36002C716C /* Build configuration list for PBXNativeTarget "filmManngerDemo" */;
			buildPhases = (
				F6D7A5B62F934C34002C716C /* Sources */,
				F6D7A5B72F934C34002C716C /* Frameworks */,
				F6D7A5B82F934C34002C716C /* Resources */,
			);
			buildRules = (
			);
			dependencies = (
			);
			name = filmManngerDemo;
			productName = filmManngerDemo;
			productReference = F6D7A5BA2F934C34002C716C /* filmManngerDemo.app */;
			productType = "com.apple.product-type.application";
		};
		F6D7A5CF2F934C36002C716C /* filmManngerDemoTests */ = {
			isa = PBXNativeTarget;
			buildConfigurationList = F6D7A5E72F934C36002C716C /* Build configuration list for PBXNativeTarget "filmManngerDemoTests" */;
			buildPhases = (
				F6D7A5CC2F934C36002C716C /* Sources */,
				F6D7A5CD2F934C36002C716C /* Frameworks */,
				F6D7A5CE2F934C36002C716C /* Resources */,
			);
			buildRules = (
			);
			dependencies = (
				F6D7A5D22F934C36002C716C /* PBXTargetDependency */,
			);
			name = filmManngerDemoTests;
			productName = filmManngerDemoTests;
			productReference = F6D7A5D02F934C36002C716C /* filmManngerDemoTests.xctest */;
			productType = "com.apple.product-type.bundle.unit-test";
		};
		F6D7A5DA2F934C36002C716C /* filmManngerDemoUITests */ = {
			isa = PBXNativeTarget;
			buildConfigurationList = F6D7A5EA2F934C36002C716C /* Build configuration list for PBXNativeTarget "filmManngerDemoUITests" */;
			buildPhases = (
				F6D7A5D72F934C36002C716C /* Sources */,
				F6D7A5D82F934C36002C716C /* Frameworks */,
				F6D7A5D92F934C36002C716C /* Resources */,
			);
			buildRules = (
			);
			dependencies = (
				F6D7A5DD2F934C36002C716C /* PBXTargetDependency */,
			);
			name = filmManngerDemoUITests;
			productName = filmManngerDemoUITests;
			productReference = F6D7A5DB2F934C36002C716C /* filmManngerDemoUITests.xctest */;
			productType = "com.apple.product-type.bundle.ui-testing";
		};
/* End PBXNativeTarget section */

/* Begin PBXProject section */
		F6D7A5B22F934C34002C716C /* Project object */ = {
			isa = PBXProject;
			attributes = {
				LastSwiftUpdateCheck = 1220;
				LastUpgradeCheck = 1220;
				TargetAttributes = {
					F6D7A5B92F934C34002C716C = {
						CreatedOnToolsVersion = 12.2;
					};
					F6D7A5CF2F934C36002C716C = {
						CreatedOnToolsVersion = 12.2;
						TestTargetID = F6D7A5B92F934C34002C716C;
					};
					F6D7A5DA2F934C36002C716C = {
						CreatedOnToolsVersion = 12.2;
						TestTargetID = F6D7A5B92F934C34002C716C;
					};
				};
			};
			buildConfigurationList = F6D7A5B52F934C34002C716C /* Build configuration list for PBXProject "filmManngerDemo" */;
			compatibilityVersion = "Xcode 9.3";
			developmentRegion = en;
			hasScannedForEncodings = 0;
			knownRegions = (
				en,
				Base,
			);
			mainGroup = F6D7A5B12F934C34002C716C;
			productRefGroup = F6D7A5BB2F934C34002C716C /* Products */;
			projectDirPath = "";
			projectRoot = "";
			targets = (
				F6D7A5B92F934C34002C716C /* filmManngerDemo */,
				F6D7A5CF2F934C36002C716C /* filmManngerDemoTests */,
				F6D7A5DA2F934C36002C716C /* filmManngerDemoUITests */,
			);
		};
/* End PBXProject section */

/* Begin PBXResourcesBuildPhase section */
		F6D7A5B82F934C34002C716C /* Resources */ = {
			isa = PBXResourcesBuildPhase;
			buildActionMask = 2147483647;
			files = (
				F6D7A5F72F935492002C716C /* HomeView.tsx in Resources */,
				F6D7A5CA2F934C36002C716C /* LaunchScreen.storyboard in Resources */,
				F6D7A5C72F934C36002C716C /* Assets.xcassets in Resources */,
				F6D7A5F52F935492002C716C /* Canister.tsx in Resources */,
				F6D7A5C52F934C34002C716C /* Main.storyboard in Resources */,
				F6D7A5F62F935492002C716C /* AppLogo.tsx in Resources */,
				F6D7A5F42F935492002C716C /* SketchButton.tsx in Resources */,
				F6DA732C2F939E4E0035EEF7 /* 2204_76_00002967_奥林巴斯练手卷_24.jpg in Resources */,
				F6DA732D2F939E4E0035EEF7 /* 2204_76_00002967_奥林巴斯练手卷_7.jpg in Resources */,
				F6DA732E2F939E4E0035EEF7 /* 2204_76_00002967_奥林巴斯练手卷_20.jpg in Resources */,
				F6DA732F2F939E4E0035EEF7 /* 2204_76_00002967_奥林巴斯练手卷_21.jpg in Resources */,
				F6DA73302F939E4E0035EEF7 /* 2204_76_00002967_奥林巴斯练手卷_9.jpg in Resources */,
				F6DA73312F939E4E0035EEF7 /* 2204_76_00002967_奥林巴斯练手卷_19.jpg in Resources */,
				F6DA73322F939E4E0035EEF7 /* 2204_76_00002967_奥林巴斯练手卷_23.jpg in Resources */,
				F6DA73332F939E4E0035EEF7 /* 2204_76_00002967_奥林巴斯练手卷_17.jpg in Resources */,
				F6DA73342F939E4E0035EEF7 /* 2204_76_00002967_奥林巴斯练手卷_2.jpg in Resources */,
				F6DA73352F939E4E0035EEF7 /* 2204_76_00002967_奥林巴斯练手卷_5.jpg in Resources */,
				F6DA73362F939E4E0035EEF7 /* 2204_76_00002967_奥林巴斯练手卷_6.jpg in Resources */,
				F6DA73372F939E4E0035EEF7 /* 2204_76_00002967_奥林巴斯练手卷_8.jpg in Resources */,
				F6DA73382F939E4E0035EEF7 /* 2204_76_00002967_奥林巴斯练手卷_3.jpg in Resources */,
				F6DA73392F939E4E0035EEF7 /* 2204_76_00002967_奥林巴斯练手卷_1.jpg in Resources */,
				F6DA733A2F939E4E0035EEF7 /* 2204_76_00002967_奥林巴斯练手卷_12.jpg in Resources */,
				F6DA733B2F939E4E0035EEF7 /* 2204_76_00002967_奥林巴斯练手卷_13.jpg in Resources */,
				F6DA733C2F939E4E0035EEF7 /* 2204_76_00002967_奥林巴斯练手卷_11.jpg in Resources */,
				F6DA733D2F939E4E0035EEF7 /* 2204_76_00002967_奥林巴斯练手卷_16.jpg in Resources */,
				F6DA733E2F939E4E0035EEF7 /* 2204_76_00002967_奥林巴斯练手卷_10.jpg in Resources */,
				F6DA733F2F939E4E0035EEF7 /* 2204_76_00002967_奥林巴斯练手卷_15.jpg in Resources */,
				F6DA73402F939E4E0035EEF7 /* 2204_76_00002967_奥林巴斯练手卷_14.jpg in Resources */,
				F6DA73412F939E4E0035EEF7 /* 2204_76_00002967_奥林巴斯练手卷_18.jpg in Resources */,
				F6DA73422F939E4E0035EEF7 /* 2204_76_00002967_奥林巴斯练手卷_4.jpg in Resources */,
				F6DA73432F939E4E0035EEF7 /* 2204_76_00002967_奥林巴斯练手卷_22.jpg in Resources */,
			);
			runOnlyForDeploymentPostprocessing = 0;
		};
		F6D7A5CE2F934C36002C716C /* Resources */ = {
			isa = PBXResourcesBuildPhase;
			buildActionMask = 2147483647;
			files = (
			);
			runOnlyForDeploymentPostprocessing = 0;
		};
		F6D7A5D92F934C36002C716C /* Resources */ = {
			isa = PBXResourcesBuildPhase;
			buildActionMask = 2147483647;
			files = (
			);
			runOnlyForDeploymentPostprocessing = 0;
		};
/* End PBXResourcesBuildPhase section */

/* Begin PBXSourcesBuildPhase section */
		F6D7A5B62F934C34002C716C /* Sources */ = {
			isa = PBXSourcesBuildPhase;
			buildActionMask = 2147483647;
			files = (
				F6DA73132F939DF10035EEF7 /* BundleImageLoader.swift in Sources */,
				F6DA72D92F935ECE0035EEF7 /* Theme.swift in Sources */,
				F6DA73452F93A4260035EEF7 /* ContactSheetViewController.swift in Sources */,
				F6D7A5C22F934C34002C716C /* ViewController.swift in Sources */,
				F6DA72E12F939BD60035EEF7 /* RollDetailViewController.swift in Sources */,
				F6D7A5BE2F934C34002C716C /* AppDelegate.swift in Sources */,
				F6DA72D32F935E440035EEF7 /* Roll.swift in Sources */,
				F6DA72DB2F939B950035EEF7 /* Photo.swift in Sources */,
				F6DA72DE2F939BAE0035EEF7 /* RollDetailHeaderView.swift in Sources */,
				F6DA72DF2F939BAE0035EEF7 /* PhotoCell.swift in Sources */,
				F6DA72D42F935E440035EEF7 /* SketchButton.swift in Sources */,
				F6DA73482F93A44B0035EEF7 /* DrawingOverlayView.swift in Sources */,
				F6DA73492F93A44B0035EEF7 /* FilmStrip135View.swift in Sources */,
				F6DA72D52F935E440035EEF7 /* AppLogoView.swift in Sources */,
				F6DA72D62F935E440035EEF7 /* CanisterView.swift in Sources */,
				F6DA72D72F935E440035EEF7 /* HomeViewController.swift in Sources */,
				F6D7A5C02F934C34002C716C /* SceneDelegate.swift in Sources */,
			);
			runOnlyForDeploymentPostprocessing = 0;
		};
		F6D7A5CC2F934C36002C716C /* Sources */ = {
			isa = PBXSourcesBuildPhase;
			buildActionMask = 2147483647;
			files = (
				F6D7A5D52F934C36002C716C /* filmManngerDemoTests.swift in Sources */,
			);
			runOnlyForDeploymentPostprocessing = 0;
		};
		F6D7A5D72F934C36002C716C /* Sources */ = {
			isa = PBXSourcesBuildPhase;
			buildActionMask = 2147483647;
			files = (
				F6D7A5E02F934C36002C716C /* filmManngerDemoUITests.swift in Sources */,
			);
			runOnlyForDeploymentPostprocessing = 0;
		};
/* End PBXSourcesBuildPhase section */

/* Begin PBXTargetDependency section */
		F6D7A5D22F934C36002C716C /* PBXTargetDependency */ = {
			isa = PBXTargetDependency;
			target = F6D7A5B92F934C34002C716C /* filmManngerDemo */;
			targetProxy = F6D7A5D12F934C36002C716C /* PBXContainerItemProxy */;
		};
		F6D7A5DD2F934C36002C716C /* PBXTargetDependency */ = {
			isa = PBXTargetDependency;
			target = F6D7A5B92F934C34002C716C /* filmManngerDemo */;
			targetProxy = F6D7A5DC2F934C36002C716C /* PBXContainerItemProxy */;
		};
/* End PBXTargetDependency section */

/* Begin PBXVariantGroup section */
		F6D7A5C32F934C34002C716C /* Main.storyboard */ = {
			isa = PBXVariantGroup;
			children = (
				F6D7A5C42F934C34002C716C /* Base */,
			);
			name = Main.storyboard;
			sourceTree = "<group>";
		};
		F6D7A5C82F934C36002C716C /* LaunchScreen.storyboard */ = {
			isa = PBXVariantGroup;
			children = (
				F6D7A5C92F934C36002C716C /* Base */,
			);
			name = LaunchScreen.storyboard;
			sourceTree = "<group>";
		};
/* End PBXVariantGroup section */

/* Begin XCBuildConfiguration section */
		F6D7A5E22F934C36002C716C /* Debug */ = {
			isa = XCBuildConfiguration;
			buildSettings = {
				ALWAYS_SEARCH_USER_PATHS = NO;
				CLANG_ANALYZER_NONNULL = YES;
				CLANG_ANALYZER_NUMBER_OBJECT_CONVERSION = YES_AGGRESSIVE;
				CLANG_CXX_LANGUAGE_STANDARD = "gnu++14";
				CLANG_CXX_LIBRARY = "libc++";
				CLANG_ENABLE_MODULES = YES;
				CLANG_ENABLE_OBJC_ARC = YES;
				CLANG_ENABLE_OBJC_WEAK = YES;
				CLANG_WARN_BLOCK_CAPTURE_AUTORELEASING = YES;
				CLANG_WARN_BOOL_CONVERSION = YES;
				CLANG_WARN_COMMA = YES;
				CLANG_WARN_CONSTANT_CONVERSION = YES;
				CLANG_WARN_DEPRECATED_OBJC_IMPLEMENTATIONS = YES;
				CLANG_WARN_DIRECT_OBJC_ISA_USAGE = YES_ERROR;
				CLANG_WARN_DOCUMENTATION_COMMENTS = YES;
				CLANG_WARN_EMPTY_BODY = YES;
				CLANG_WARN_ENUM_CONVERSION = YES;
				CLANG_WARN_INFINITE_RECURSION = YES;
				CLANG_WARN_INT_CONVERSION = YES;
				CLANG_WARN_NON_LITERAL_NULL_CONVERSION = YES;
				CLANG_WARN_OBJC_IMPLICIT_RETAIN_SELF = YES;
				CLANG_WARN_OBJC_LITERAL_CONVERSION = YES;
				CLANG_WARN_OBJC_ROOT_CLASS = YES_ERROR;
				CLANG_WARN_QUOTED_INCLUDE_IN_FRAMEWORK_HEADER = YES;
				CLANG_WARN_RANGE_LOOP_ANALYSIS = YES;
				CLANG_WARN_STRICT_PROTOTYPES = YES;
				CLANG_WARN_SUSPICIOUS_MOVE = YES;
				CLANG_WARN_UNGUARDED_AVAILABILITY = YES_AGGRESSIVE;
				CLANG_WARN_UNREACHABLE_CODE = YES;
				CLANG_WARN__DUPLICATE_METHOD_MATCH = YES;
				COPY_PHASE_STRIP = NO;
				DEBUG_INFORMATION_FORMAT = dwarf;
				ENABLE_STRICT_OBJC_MSGSEND = YES;
				ENABLE_TESTABILITY = YES;
				GCC_C_LANGUAGE_STANDARD = gnu11;
				GCC_DYNAMIC_NO_PIC = NO;
				GCC_NO_COMMON_BLOCKS = YES;
				GCC_OPTIMIZATION_LEVEL = 0;
				GCC_PREPROCESSOR_DEFINITIONS = (
					"DEBUG=1",
					"$(inherited)",
				);
				GCC_WARN_64_TO_32_BIT_CONVERSION = YES;
				GCC_WARN_ABOUT_RETURN_TYPE = YES_ERROR;
				GCC_WARN_UNDECLARED_SELECTOR = YES;
				GCC_WARN_UNINITIALIZED_AUTOS = YES_AGGRESSIVE;
				GCC_WARN_UNUSED_FUNCTION = YES;
				GCC_WARN_UNUSED_VARIABLE = YES;
				IPHONEOS_DEPLOYMENT_TARGET = 14.2;
				MTL_ENABLE_DEBUG_INFO = INCLUDE_SOURCE;
				MTL_FAST_MATH = YES;
				ONLY_ACTIVE_ARCH = YES;
				SDKROOT = iphoneos;
				SWIFT_ACTIVE_COMPILATION_CONDITIONS = DEBUG;
				SWIFT_OPTIMIZATION_LEVEL = "-Onone";
			};
			name = Debug;
		};
		F6D7A5E32F934C36002C716C /* Release */ = {
			isa = XCBuildConfiguration;
			buildSettings = {
				ALWAYS_SEARCH_USER_PATHS = NO;
				CLANG_ANALYZER_NONNULL = YES;
				CLANG_ANALYZER_NUMBER_OBJECT_CONVERSION = YES_AGGRESSIVE;
				CLANG_CXX_LANGUAGE_STANDARD = "gnu++14";
				CLANG_CXX_LIBRARY = "libc++";
				CLANG_ENABLE_MODULES = YES;
				CLANG_ENABLE_OBJC_ARC = YES;
				CLANG_ENABLE_OBJC_WEAK = YES;
				CLANG_WARN_BLOCK_CAPTURE_AUTORELEASING = YES;
				CLANG_WARN_BOOL_CONVERSION = YES;
				CLANG_WARN_COMMA = YES;
				CLANG_WARN_CONSTANT_CONVERSION = YES;
				CLANG_WARN_DEPRECATED_OBJC_IMPLEMENTATIONS = YES;
				CLANG_WARN_DIRECT_OBJC_ISA_USAGE = YES_ERROR;
				CLANG_WARN_DOCUMENTATION_COMMENTS = YES;
				CLANG_WARN_EMPTY_BODY = YES;
				CLANG_WARN_ENUM_CONVERSION = YES;
				CLANG_WARN_INFINITE_RECURSION = YES;
				CLANG_WARN_INT_CONVERSION = YES;
				CLANG_WARN_NON_LITERAL_NULL_CONVERSION = YES;
				CLANG_WARN_OBJC_IMPLICIT_RETAIN_SELF = YES;
				CLANG_WARN_OBJC_LITERAL_CONVERSION = YES;
				CLANG_WARN_OBJC_ROOT_CLASS = YES_ERROR;
				CLANG_WARN_QUOTED_INCLUDE_IN_FRAMEWORK_HEADER = YES;
				CLANG_WARN_RANGE_LOOP_ANALYSIS = YES;
				CLANG_WARN_STRICT_PROTOTYPES = YES;
				CLANG_WARN_SUSPICIOUS_MOVE = YES;
				CLANG_WARN_UNGUARDED_AVAILABILITY = YES_AGGRESSIVE;
				CLANG_WARN_UNREACHABLE_CODE = YES;
				CLANG_WARN__DUPLICATE_METHOD_MATCH = YES;
				COPY_PHASE_STRIP = NO;
				DEBUG_INFORMATION_FORMAT = "dwarf-with-dsym";
				ENABLE_NS_ASSERTIONS = NO;
				ENABLE_STRICT_OBJC_MSGSEND = YES;
				GCC_C_LANGUAGE_STANDARD = gnu11;
				GCC_NO_COMMON_BLOCKS = YES;
				GCC_WARN_64_TO_32_BIT_CONVERSION = YES;
				GCC_WARN_ABOUT_RETURN_TYPE = YES_ERROR;
				GCC_WARN_UNDECLARED_SELECTOR = YES;
				GCC_WARN_UNINITIALIZED_AUTOS = YES_AGGRESSIVE;
				GCC_WARN_UNUSED_FUNCTION = YES;
				GCC_WARN_UNUSED_VARIABLE = YES;
				IPHONEOS_DEPLOYMENT_TARGET = 14.2;
				MTL_ENABLE_DEBUG_INFO = NO;
				MTL_FAST_MATH = YES;
				SDKROOT = iphoneos;
				SWIFT_COMPILATION_MODE = wholemodule;
				SWIFT_OPTIMIZATION_LEVEL = "-O";
				VALIDATE_PRODUCT = YES;
			};
			name = Release;
		};
		F6D7A5E52F934C36002C716C /* Debug */ = {
			isa = XCBuildConfiguration;
			buildSettings = {
				ASSETCATALOG_COMPILER_APPICON_NAME = AppIcon;
				ASSETCATALOG_COMPILER_GLOBAL_ACCENT_COLOR_NAME = AccentColor;
				CODE_SIGN_STYLE = Manual;
				DEVELOPMENT_TEAM = "";
				INFOPLIST_FILE = filmManngerDemo/Info.plist;
				LD_RUNPATH_SEARCH_PATHS = (
					"$(inherited)",
					"@executable_path/Frameworks",
				);
				PRODUCT_BUNDLE_IDENTIFIER = com.404Music.filmManagerDemo;
				PRODUCT_NAME = "$(TARGET_NAME)";
				PROVISIONING_PROFILE_SPECIFIER = "";
				SWIFT_VERSION = 5.0;
				TARGETED_DEVICE_FAMILY = "1,2";
			};
			name = Debug;
		};
		F6D7A5E62F934C36002C716C /* Release */ = {
			isa = XCBuildConfiguration;
			buildSettings = {
				ASSETCATALOG_COMPILER_APPICON_NAME = AppIcon;
				ASSETCATALOG_COMPILER_GLOBAL_ACCENT_COLOR_NAME = AccentColor;
				CODE_SIGN_STYLE = Manual;
				DEVELOPMENT_TEAM = "";
				INFOPLIST_FILE = filmManngerDemo/Info.plist;
				LD_RUNPATH_SEARCH_PATHS = (
					"$(inherited)",
					"@executable_path/Frameworks",
				);
				PRODUCT_BUNDLE_IDENTIFIER = com.404Music.filmManagerDemo;
				PRODUCT_NAME = "$(TARGET_NAME)";
				PROVISIONING_PROFILE_SPECIFIER = "";
				SWIFT_VERSION = 5.0;
				TARGETED_DEVICE_FAMILY = "1,2";
			};
			name = Release;
		};
		F6D7A5E82F934C36002C716C /* Debug */ = {
			isa = XCBuildConfiguration;
			buildSettings = {
				ALWAYS_EMBED_SWIFT_STANDARD_LIBRARIES = YES;
				BUNDLE_LOADER = "$(TEST_HOST)";
				CODE_SIGN_STYLE = Automatic;
				DEVELOPMENT_TEAM = 5HBZKTVHGQ;
				INFOPLIST_FILE = filmManngerDemoTests/Info.plist;
				IPHONEOS_DEPLOYMENT_TARGET = 14.2;
				LD_RUNPATH_SEARCH_PATHS = (
					"$(inherited)",
					"@executable_path/Frameworks",
					"@loader_path/Frameworks",
				);
				PRODUCT_BUNDLE_IDENTIFIER = com.404Music.filmManngerDemoTests;
				PRODUCT_NAME = "$(TARGET_NAME)";
				SWIFT_VERSION = 5.0;
				TARGETED_DEVICE_FAMILY = "1,2";
				TEST_HOST = "$(BUILT_PRODUCTS_DIR)/filmManngerDemo.app/filmManngerDemo";
			};
			name = Debug;
		};
		F6D7A5E92F934C36002C716C /* Release */ = {
			isa = XCBuildConfiguration;
			buildSettings = {
				ALWAYS_EMBED_SWIFT_STANDARD_LIBRARIES = YES;
				BUNDLE_LOADER = "$(TEST_HOST)";
				CODE_SIGN_STYLE = Automatic;
				DEVELOPMENT_TEAM = 5HBZKTVHGQ;
				INFOPLIST_FILE = filmManngerDemoTests/Info.plist;
				IPHONEOS_DEPLOYMENT_TARGET = 14.2;
				LD_RUNPATH_SEARCH_PATHS = (
					"$(inherited)",
					"@executable_path/Frameworks",
					"@loader_path/Frameworks",
				);
				PRODUCT_BUNDLE_IDENTIFIER = com.404Music.filmManngerDemoTests;
				PRODUCT_NAME = "$(TARGET_NAME)";
				SWIFT_VERSION = 5.0;
				TARGETED_DEVICE_FAMILY = "1,2";
				TEST_HOST = "$(BUILT_PRODUCTS_DIR)/filmManngerDemo.app/filmManngerDemo";
			};
			name = Release;
		};
		F6D7A5EB2F934C36002C716C /* Debug */ = {
			isa = XCBuildConfiguration;
			buildSettings = {
				ALWAYS_EMBED_SWIFT_STANDARD_LIBRARIES = YES;
				CODE_SIGN_STYLE = Automatic;
				DEVELOPMENT_TEAM = 5HBZKTVHGQ;
				INFOPLIST_FILE = filmManngerDemoUITests/Info.plist;
				LD_RUNPATH_SEARCH_PATHS = (
					"$(inherited)",
					"@executable_path/Frameworks",
					"@loader_path/Frameworks",
				);
				PRODUCT_BUNDLE_IDENTIFIER = com.404Music.filmManngerDemoUITests;
				PRODUCT_NAME = "$(TARGET_NAME)";
				SWIFT_VERSION = 5.0;
				TARGETED_DEVICE_FAMILY = "1,2";
				TEST_TARGET_NAME = filmManngerDemo;
			};
			name = Debug;
		};
		F6D7A5EC2F934C36002C716C /* Release */ = {
			isa = XCBuildConfiguration;
			buildSettings = {
				ALWAYS_EMBED_SWIFT_STANDARD_LIBRARIES = YES;
				CODE_SIGN_STYLE = Automatic;
				DEVELOPMENT_TEAM = 5HBZKTVHGQ;
				INFOPLIST_FILE = filmManngerDemoUITests/Info.plist;
				LD_RUNPATH_SEARCH_PATHS = (
					"$(inherited)",
					"@executable_path/Frameworks",
					"@loader_path/Frameworks",
				);
				PRODUCT_BUNDLE_IDENTIFIER = com.404Music.filmManngerDemoUITests;
				PRODUCT_NAME = "$(TARGET_NAME)";
				SWIFT_VERSION = 5.0;
				TARGETED_DEVICE_FAMILY = "1,2";
				TEST_TARGET_NAME = filmManngerDemo;
			};
			name = Release;
		};
/* End XCBuildConfiguration section */

/* Begin XCConfigurationList section */
		F6D7A5B52F934C34002C716C /* Build configuration list for PBXProject "filmManngerDemo" */ = {
			isa = XCConfigurationList;
			buildConfigurations = (
				F6D7A5E22F934C36002C716C /* Debug */,
				F6D7A5E32F934C36002C716C /* Release */,
			);
			defaultConfigurationIsVisible = 0;
			defaultConfigurationName = Release;
		};
		F6D7A5E42F934C36002C716C /* Build configuration list for PBXNativeTarget "filmManngerDemo" */ = {
			isa = XCConfigurationList;
			buildConfigurations = (
				F6D7A5E52F934C36002C716C /* Debug */,
				F6D7A5E62F934C36002C716C /* Release */,
			);
			defaultConfigurationIsVisible = 0;
			defaultConfigurationName = Release;
		};
		F6D7A5E72F934C36002C716C /* Build configuration list for PBXNativeTarget "filmManngerDemoTests" */ = {
			isa = XCConfigurationList;
			buildConfigurations = (
				F6D7A5E82F934C36002C716C /* Debug */,
				F6D7A5E92F934C36002C716C /* Release */,
			);
			defaultConfigurationIsVisible = 0;
			defaultConfigurationName = Release;
		};
		F6D7A5EA2F934C36002C716C /* Build configuration list for PBXNativeTarget "filmManngerDemoUITests" */ = {
			isa = XCConfigurationList;
			buildConfigurations = (
				F6D7A5EB2F934C36002C716C /* Debug */,
				F6D7A5EC2F934C36002C716C /* Release */,
			);
			defaultConfigurationIsVisible = 0;
			defaultConfigurationName = Release;
		};
/* End XCConfigurationList section */
	};
	rootObject = F6D7A5B22F934C34002C716C /* Project object */;
}
